
Microsoft Visual Studio Solution File, Format Version 12.00
# Visual Studio Version 17
VisualStudioVersion = 17.1.32328.378
MinimumVisualStudioVersion = 10.0.40219.1
Project("{FAE04EC0-301F-11D3-BF4B-00C04F79EFBC}") = "Homework1", "Homework1\Homework1.csproj", "{29F66DBA-3EF3-4C8B-BD39-0DC211DF9CAB}"
EndProject
Global
	GlobalSection(SolutionConfigurationPlatforms) = preSolution
		Debug|Any CPU = Debug|Any CPU
		Release|Any CPU = Release|Any CPU
	EndGlobalSection
	GlobalSection(ProjectConfigurationPlatforms) = postSolution
		{29F66DBA-3EF3-4C8B-BD39-0DC211DF9CAB}.Debug|Any CPU.ActiveCfg = Debug|Any CPU
		{29F66DBA-3EF3-4C8B-BD39-0DC211DF9CAB}.Debug|Any CPU.Build.0 = Debug|Any CPU
		{29F66DBA-3EF3-4C8B-BD39-0DC211DF9CAB}.Release|Any CPU.ActiveCfg = Release|Any CPU
		{29F66DBA-3EF3-4C8B-BD39-0DC211DF9CAB}.Release|Any CPU.Build.0 = Release|Any CPU
	EndGlobalSection
	GlobalSection(SolutionProperties) = preSolution
		HideSolutionNode = FALSE
	EndGlobalSection
	GlobalSection(ExtensibilityGlobals) = postSolution
		SolutionGuid = {F9D844F6-F225-49AA-8830-720D44CA3DBD}
	EndGlobalSection
EndGlobal
